
Microsoft Visual Studio Solution File, Format Version 12.00
# Visual Studio 2013
VisualStudioVersion = 12.0.21005.1
MinimumVisualStudioVersion = 10.0.40219.1
Project("{8BC9CEB8-8B4A-11D0-8D11-00A0C91BC942}") = "Form_Empty", "Form_Empty\Form_Empty.vcxproj", "{20158D6F-6C39-4D9A-9FFB-6FEA71E567DC}"
EndProject
Global
	GlobalSection(SolutionConfigurationPlatforms) = preSolution
		Debug|Win32 = Debug|Win32
		Release|Win32 = Release|Win32
	EndGlobalSection
	GlobalSection(ProjectConfigurationPlatforms) = postSolution
		{20158D6F-6C39-4D9A-9FFB-6FEA71E567DC}.Debug|Win32.ActiveCfg = Debug|Win32
		{20158D6F-6C39-4D9A-9FFB-6FEA71E567DC}.Debug|Win32.Build.0 = Debug|Win32
		{20158D6F-6C39-4D9A-9FFB-6FEA71E567DC}.Release|Win32.ActiveCfg = Release|Win32
		{20158D6F-6C39-4D9A-9FFB-6FEA71E567DC}.Release|Win32.Build.0 = Release|Win32
	EndGlobalSection
	GlobalSection(SolutionProperties) = preSolution
		HideSolutionNode = FALSE
	EndGlobalSection
EndGlobal
